
Microsoft Visual Studio Solution File, Format Version 12.00
# Visual Studio Version 17
VisualStudioVersion = 17.2.32616.157
MinimumVisualStudioVersion = 10.0.40219.1
Project("{FAE04EC0-301F-11D3-BF4B-00C04F79EFBC}") = "RAA_M04C", "RAA_M04C\RAA_M04C.csproj", "{01983FA5-0A14-4146-A6DB-48435E645787}"
EndProject
Global
	GlobalSection(SolutionConfigurationPlatforms) = preSolution
		Debug|Any CPU = Debug|Any CPU
		Release|Any CPU = Release|Any CPU
	EndGlobalSection
	GlobalSection(ProjectConfigurationPlatforms) = postSolution
		{01983FA5-0A14-4146-A6DB-48435E645787}.Debug|Any CPU.ActiveCfg = Debug|Any CPU
		{01983FA5-0A14-4146-A6DB-48435E645787}.Debug|Any CPU.Build.0 = Debug|Any CPU
		{01983FA5-0A14-4146-A6DB-48435E645787}.Release|Any CPU.ActiveCfg = Release|Any CPU
		{01983FA5-0A14-4146-A6DB-48435E645787}.Release|Any CPU.Build.0 = Release|Any CPU
	EndGlobalSection
	GlobalSection(SolutionProperties) = preSolution
		HideSolutionNode = FALSE
	EndGlobalSection
	GlobalSection(ExtensibilityGlobals) = postSolution
		SolutionGuid = {590C5412-28EA-4B09-99F4-31E3F930719C}
	EndGlobalSection
EndGlobal
